
Microsoft Visual Studio Solution File, Format Version 12.00
# Visual Studio Express 2013 for Web
VisualStudioVersion = 12.0.30324.0
MinimumVisualStudioVersion = 10.0.40219.1
Project("{FAE04EC0-301F-11D3-BF4B-00C04F79EFBC}") = "ravenDB_3U2", "ravenDB_3U2\ravenDB_3U2.csproj", "{094B17BC-E09D-4873-A1D8-132ED917A3CC}"
EndProject
Project("{2150E333-8FDC-42A3-9474-1A3956D46DE8}") = ".nuget", ".nuget", "{7C23E213-13F8-474C-90B6-A07C6542C14E}"
	ProjectSection(SolutionItems) = preProject
		.nuget\packages.config = .nuget\packages.config
	EndProjectSection
EndProject
Global
	GlobalSection(SolutionConfigurationPlatforms) = preSolution
		Debug|Any CPU = Debug|Any CPU
		Release|Any CPU = Release|Any CPU
	EndGlobalSection
	GlobalSection(ProjectConfigurationPlatforms) = postSolution
		{094B17BC-E09D-4873-A1D8-132ED917A3CC}.Debug|Any CPU.ActiveCfg = Debug|Any CPU
		{094B17BC-E09D-4873-A1D8-132ED917A3CC}.Debug|Any CPU.Build.0 = Debug|Any CPU
		{094B17BC-E09D-4873-A1D8-132ED917A3CC}.Release|Any CPU.ActiveCfg = Release|Any CPU
		{094B17BC-E09D-4873-A1D8-132ED917A3CC}.Release|Any CPU.Build.0 = Release|Any CPU
	EndGlobalSection
	GlobalSection(SolutionProperties) = preSolution
		HideSolutionNode = FALSE
	EndGlobalSection
EndGlobal
